
Microsoft Visual Studio Solution File, Format Version 12.00
# Visual Studio Version 17
VisualStudioVersion = 17.10.35122.118
MinimumVisualStudioVersion = 10.0.40219.1
Project("{FAE04EC0-301F-11D3-BF4B-00C04F79EFBC}") = "GoogleMapFavorites", "GoogleMapFavorites.csproj", "{10CF149B-198D-498E-B04B-B87E4B21FC59}"
EndProject
Global
	GlobalSection(SolutionConfigurationPlatforms) = preSolution
		Debug|Any CPU = Debug|Any CPU
		Release|Any CPU = Release|Any CPU
	EndGlobalSection
	GlobalSection(ProjectConfigurationPlatforms) = postSolution
		{10CF149B-198D-498E-B04B-B87E4B21FC59}.Debug|Any CPU.ActiveCfg = Debug|Any CPU
		{10CF149B-198D-498E-B04B-B87E4B21FC59}.Debug|Any CPU.Build.0 = Debug|Any CPU
		{10CF149B-198D-498E-B04B-B87E4B21FC59}.Release|Any CPU.ActiveCfg = Release|Any CPU
		{10CF149B-198D-498E-B04B-B87E4B21FC59}.Release|Any CPU.Build.0 = Release|Any CPU
	EndGlobalSection
	GlobalSection(SolutionProperties) = preSolution
		HideSolutionNode = FALSE
	EndGlobalSection
	GlobalSection(ExtensibilityGlobals) = postSolution
		SolutionGuid = {F5F76134-AD8A-47B5-83C5-2DB5A3506F9E}
	EndGlobalSection
EndGlobal
